
Microsoft Visual Studio Solution File, Format Version 12.00
# Visual Studio Version 16
VisualStudioVersion = 16.0.31702.278
MinimumVisualStudioVersion = 10.0.40219.1
Project("{FAE04EC0-301F-11D3-BF4B-00C04F79EFBC}") = "server", "server\server.csproj", "{877D9D22-B5E5-47F7-A2A2-7CED495C2087}"
EndProject
Global
	GlobalSection(SolutionConfigurationPlatforms) = preSolution
		Debug|Any CPU = Debug|Any CPU
		Release|Any CPU = Release|Any CPU
	EndGlobalSection
	GlobalSection(ProjectConfigurationPlatforms) = postSolution
		{877D9D22-B5E5-47F7-A2A2-7CED495C2087}.Debug|Any CPU.ActiveCfg = Debug|Any CPU
		{877D9D22-B5E5-47F7-A2A2-7CED495C2087}.Debug|Any CPU.Build.0 = Debug|Any CPU
		{877D9D22-B5E5-47F7-A2A2-7CED495C2087}.Release|Any CPU.ActiveCfg = Release|Any CPU
		{877D9D22-B5E5-47F7-A2A2-7CED495C2087}.Release|Any CPU.Build.0 = Release|Any CPU
	EndGlobalSection
	GlobalSection(SolutionProperties) = preSolution
		HideSolutionNode = FALSE
	EndGlobalSection
	GlobalSection(ExtensibilityGlobals) = postSolution
		SolutionGuid = {08138AB1-20D3-4493-B7C6-6A63981247F6}
	EndGlobalSection
EndGlobal
